{
  "version": 4,
  "terraform_version": "1.0.4",
  "serial": 3,
  "lineage": "49dd5f63-d682-c1d9-17b2-fb7400e5e460",
  "outputs": {},
  "resources": [
    {
      "mode": "data",
      "type": "terraform_remote_state",
      "name": "global",
      "provider": "provider[\"terraform.io/builtin/terraform\"]",
      "instances": [
        {
          "schema_version": 0,
          "attributes": {
            "backend": "s3",
            "config": {
              "value": {
                "bucket": "igoz-bucket",
                "key": "globalvars/terraform.tfstate",
                "region": "eu-north-1"
              },
              "type": [
                "object",
                {
                  "bucket": "string",
                  "key": "string",
                  "region": "string"
                }
              ]
            },
            "defaults": null,
            "outputs": {
              "value": {
                "company_name": "igoz_comp",
                "owner": "igoz",
                "tags": {
                  "Country": "BY",
                  "Project": "XxX"
                }
              },
              "type": [
                "object",
                {
                  "company_name": "string",
                  "owner": "string",
                  "tags": [
                    "object",
                    {
                      "Country": "string",
                      "Project": "string"
                    }
                  ]
                }
              ]
            },
            "workspace": null
          },
          "sensitive_attributes": []
        }
      ]
    },
    {
      "mode": "managed",
      "type": "aws_vpc",
      "name": "vpc1",
      "provider": "provider[\"registry.terraform.io/hashicorp/aws\"]",
      "instances": [
        {
          "schema_version": 1,
          "attributes": {
            "arn": "arn:aws:ec2:eu-north-1:782642133551:vpc/vpc-0f7b3e829a4f108b0",
            "assign_generated_ipv6_cidr_block": false,
            "cidr_block": "192.168.0.0/24",
            "default_network_acl_id": "acl-0edcede16c17a9a69",
            "default_route_table_id": "rtb-0af92caa3ce9edecb",
            "default_security_group_id": "sg-0b96b78a39c8d5c97",
            "dhcp_options_id": "dopt-8b1d8fe2",
            "enable_classiclink": null,
            "enable_classiclink_dns_support": null,
            "enable_dns_hostnames": false,
            "enable_dns_support": true,
            "id": "vpc-0f7b3e829a4f108b0",
            "instance_tenancy": "default",
            "ipv6_association_id": "",
            "ipv6_cidr_block": "",
            "main_route_table_id": "rtb-0af92caa3ce9edecb",
            "owner_id": "782642133551",
            "tags": {
              "Company": "igoz_comp",
              "Name": "vpc1_les31",
              "Owner": "igoz"
            },
            "tags_all": {
              "Company": "igoz_comp",
              "Name": "vpc1_les31",
              "Owner": "igoz"
            }
          },
          "sensitive_attributes": [],
          "private": "eyJzY2hlbWFfdmVyc2lvbiI6IjEifQ==",
          "dependencies": [
            "data.terraform_remote_state.global"
          ]
        }
      ]
    },
    {
      "mode": "managed",
      "type": "aws_vpc",
      "name": "vpc2",
      "provider": "provider[\"registry.terraform.io/hashicorp/aws\"]",
      "instances": [
        {
          "schema_version": 1,
          "attributes": {
            "arn": "arn:aws:ec2:eu-north-1:782642133551:vpc/vpc-0b4c54ee6e13b8bdf",
            "assign_generated_ipv6_cidr_block": false,
            "cidr_block": "192.168.10.0/24",
            "default_network_acl_id": "acl-05a793d0900717573",
            "default_route_table_id": "rtb-0f47f9fbbc334bb66",
            "default_security_group_id": "sg-06121c084733c47ad",
            "dhcp_options_id": "dopt-8b1d8fe2",
            "enable_classiclink": null,
            "enable_classiclink_dns_support": null,
            "enable_dns_hostnames": false,
            "enable_dns_support": true,
            "id": "vpc-0b4c54ee6e13b8bdf",
            "instance_tenancy": "default",
            "ipv6_association_id": "",
            "ipv6_cidr_block": "",
            "main_route_table_id": "rtb-0f47f9fbbc334bb66",
            "owner_id": "782642133551",
            "tags": {
              "Country": "BY",
              "Name": "vpc2_les31",
              "Project": "XxX"
            },
            "tags_all": {
              "Country": "BY",
              "Name": "vpc2_les31",
              "Project": "XxX"
            }
          },
          "sensitive_attributes": [],
          "private": "eyJzY2hlbWFfdmVyc2lvbiI6IjEifQ==",
          "dependencies": [
            "data.terraform_remote_state.global"
          ]
        }
      ]
    }
  ]
}
